
Microsoft Visual Studio Solution File, Format Version 12.00
# Visual Studio 15
VisualStudioVersion = 15.0.27130.2010
MinimumVisualStudioVersion = 10.0.40219.1
Project("{9A19103F-16F7-4668-BE54-9A1E7A4F7556}") = "CreativeMinds.Identity.MongoDBStores", "CreativeMinds.Identity.MongoDBStores\CreativeMinds.Identity.MongoDBStores.csproj", "{032FEED4-1021-409A-AE1C-F9EB207AD7A7}"
EndProject
Project("{2150E333-8FDC-42A3-9474-1A3956D46DE8}") = "Documentation", "Documentation", "{2B9D8BA3-B272-40C6-AE28-F96EFD350262}"
	ProjectSection(SolutionItems) = preProject
		..\LICENSE = ..\LICENSE
		..\README.md = ..\README.md
	EndProjectSection
EndProject
Project("{2150E333-8FDC-42A3-9474-1A3956D46DE8}") = "Build", "Build", "{95066291-4DCF-4C7D-887C-0D9C88A9B073}"
	ProjectSection(SolutionItems) = preProject
		..\appveyor.yml = ..\appveyor.yml
		..\Install-MongoDb-On-AppVeyor.ps1 = ..\Install-MongoDb-On-AppVeyor.ps1
	EndProjectSection
EndProject
Global
	GlobalSection(SolutionConfigurationPlatforms) = preSolution
		Debug|Any CPU = Debug|Any CPU
		Release|Any CPU = Release|Any CPU
	EndGlobalSection
	GlobalSection(ProjectConfigurationPlatforms) = postSolution
		{032FEED4-1021-409A-AE1C-F9EB207AD7A7}.Debug|Any CPU.ActiveCfg = Debug|Any CPU
		{032FEED4-1021-409A-AE1C-F9EB207AD7A7}.Debug|Any CPU.Build.0 = Debug|Any CPU
		{032FEED4-1021-409A-AE1C-F9EB207AD7A7}.Release|Any CPU.ActiveCfg = Release|Any CPU
		{032FEED4-1021-409A-AE1C-F9EB207AD7A7}.Release|Any CPU.Build.0 = Release|Any CPU
	EndGlobalSection
	GlobalSection(SolutionProperties) = preSolution
		HideSolutionNode = FALSE
	EndGlobalSection
	GlobalSection(ExtensibilityGlobals) = postSolution
		SolutionGuid = {17A7AA67-A74D-42F0-A5F1-07AEAF80B761}
	EndGlobalSection
EndGlobal
